// !$*UTF8*$!
{
	archiveVersion = 1;
	classes = {
	};
	objectVersion = 54;
	objects = {

/* Begin PBXBuildFile section */
		00E356F31AD99517003FC87E /* Zadanie5Tests.m in Sources */ = {isa = PBXBuildFile; fileRef = 00E356F21AD99517003FC87E /* Zadanie5Tests.m */; };
		0C80B921A6F3F58F76C31292 /* libPods-Zadanie5.a in Frameworks */ = {isa = PBXBuildFile; fileRef = 5DCACB8F33CDC322A6C60F78 /* libPods-Zadanie5.a */; };
		13B07FBC1A68108700A75B9A /* AppDelegate.mm in Sources */ = {isa = PBXBuildFile; fileRef = 13B07FB01A68108700A75B9A /* AppDelegate.mm */; };
		13B07FBF1A68108700A75B9A /* Images.xcassets in Resources */ = {isa = PBXBuildFile; fileRef = 13B07FB51A68108700A75B9A /* Images.xcassets */; };
		13B07FC11A68108700A75B9A /* main.m in Sources */ = {isa = PBXBuildFile; fileRef = 13B07FB71A68108700A75B9A /* main.m */; };
		7699B88040F8A987B510C191 /* libPods-Zadanie5-Zadanie5Tests.a in Frameworks */ = {isa = PBXBuildFile; fileRef = 19F6CBCC0A4E27FBF8BF4A61 /* libPods-Zadanie5-Zadanie5Tests.a */; };
		81AB9BB82411601600AC10FF /* LaunchScreen.storyboard in Resources */ = {isa = PBXBuildFile; fileRef = 81AB9BB72411601600AC10FF /* LaunchScreen.storyboard */; };
		F5EE48D2EDF84A6389E1B5A4 /* Inter_18pt-Black.ttf in Resources */ = {isa = PBXBuildFile; fileRef = 9BB3BEC73A8B48B3AFD21276 /* Inter_18pt-Black.ttf */; };
		4F6B4A6C445A46EAB626F06B /* Inter_18pt-BlackItalic.ttf in Resources */ = {isa = PBXBuildFile; fileRef = D0615022E9E44C09A2F29202 /* Inter_18pt-BlackItalic.ttf */; };
		79005F058ED144A9B3924E8A /* Inter_18pt-Bold.ttf in Resources */ = {isa = PBXBuildFile; fileRef = ECA88583955C4F48B520E091 /* Inter_18pt-Bold.ttf */; };
		AD7D9B200CC246CCBC400D2B /* Inter_18pt-BoldItalic.ttf in Resources */ = {isa = PBXBuildFile; fileRef = 7393E6589F434BC6B9DB9303 /* Inter_18pt-BoldItalic.ttf */; };
		3DF744A677FF44E0A28D5DDA /* Inter_18pt-ExtraBold.ttf in Resources */ = {isa = PBXBuildFile; fileRef = 4505CEF2C9484783AFDCF1D3 /* Inter_18pt-ExtraBold.ttf */; };
		3A07AA52CA6B495D9B6A5153 /* Inter_18pt-ExtraBoldItalic.ttf in Resources */ = {isa = PBXBuildFile; fileRef = A85C18E605B24564BD99959F /* Inter_18pt-ExtraBoldItalic.ttf */; };
		DCF90050683E4CF9868351AA /* Inter_18pt-ExtraLight.ttf in Resources */ = {isa = PBXBuildFile; fileRef = D5ACCEFB318B41DE8D3E65D7 /* Inter_18pt-ExtraLight.ttf */; };
		AA099B465AFF443E8F401BA8 /* Inter_18pt-ExtraLightItalic.ttf in Resources */ = {isa = PBXBuildFile; fileRef = 72BB9030E87147FB8EFA40F6 /* Inter_18pt-ExtraLightItalic.ttf */; };
		7D233544851C463A8D6FFB8A /* Inter_18pt-Italic.ttf in Resources */ = {isa = PBXBuildFile; fileRef = 2B7F45448CF84ABFBE67C557 /* Inter_18pt-Italic.ttf */; };
		E27EE27BA6A64EF680BEC87C /* Inter_18pt-Light.ttf in Resources */ = {isa = PBXBuildFile; fileRef = DA62FFA93EA74FEA9E0DAD30 /* Inter_18pt-Light.ttf */; };
		F10865AA79DA4C41B3FC7E69 /* Inter_18pt-LightItalic.ttf in Resources */ = {isa = PBXBuildFile; fileRef = 4308E7AFD6E94A58A022C7AB /* Inter_18pt-LightItalic.ttf */; };
		F10D5E2B045E47C8B30E8315 /* Inter_18pt-Medium.ttf in Resources */ = {isa = PBXBuildFile; fileRef = 825554D7DB6545C6A019E17A /* Inter_18pt-Medium.ttf */; };
		6F7F462C7D0A4DCB8FAA56F8 /* Inter_18pt-MediumItalic.ttf in Resources */ = {isa = PBXBuildFile; fileRef = CE2A971A1D114BDC83EC851E /* Inter_18pt-MediumItalic.ttf */; };
		C53818AFA96F423FB072052E /* Inter_18pt-Regular.ttf in Resources */ = {isa = PBXBuildFile; fileRef = FC645C5F860E4F2C86AB864D /* Inter_18pt-Regular.ttf */; };
		D9FF920BE8394D6C9674D414 /* Inter_18pt-SemiBold.ttf in Resources */ = {isa = PBXBuildFile; fileRef = 40972ACA9DF14E09A712D741 /* Inter_18pt-SemiBold.ttf */; };
		5228C835D823421DB4F9400F /* Inter_18pt-SemiBoldItalic.ttf in Resources */ = {isa = PBXBuildFile; fileRef = 26635DC98DB34492985CB639 /* Inter_18pt-SemiBoldItalic.ttf */; };
		E0165785DB4A4C80A8F21DA8 /* Inter_18pt-Thin.ttf in Resources */ = {isa = PBXBuildFile; fileRef = B28B7F4A7ED54E36BBFE0CCE /* Inter_18pt-Thin.ttf */; };
		D0E7DBCDB67A400FAF82FE61 /* Inter_18pt-ThinItalic.ttf in Resources */ = {isa = PBXBuildFile; fileRef = 2DADF9709CC74C93B8222211 /* Inter_18pt-ThinItalic.ttf */; };
		8E7BE8502112496D9DF982E8 /* Inter_24pt-Black.ttf in Resources */ = {isa = PBXBuildFile; fileRef = 17CAEB863EE748278DD1A222 /* Inter_24pt-Black.ttf */; };
		A885F50773014EEEAD4EB18E /* Inter_24pt-BlackItalic.ttf in Resources */ = {isa = PBXBuildFile; fileRef = F0F8024532A943898E924984 /* Inter_24pt-BlackItalic.ttf */; };
		CBF2D55E85E44FBE8A8EFD7B /* Inter_24pt-Bold.ttf in Resources */ = {isa = PBXBuildFile; fileRef = 4A3F4F10415A44F1860B7C08 /* Inter_24pt-Bold.ttf */; };
		07E99FB3DCFA47B5AACFE51E /* Inter_24pt-BoldItalic.ttf in Resources */ = {isa = PBXBuildFile; fileRef = 77EF2523BF5D405A8662C93F /* Inter_24pt-BoldItalic.ttf */; };
		D3E756B353F643F292FB428D /* Inter_24pt-ExtraBold.ttf in Resources */ = {isa = PBXBuildFile; fileRef = EF0BDE941B2A46F2BECB2536 /* Inter_24pt-ExtraBold.ttf */; };
		A773D5FB714943268F57A875 /* Inter_24pt-ExtraBoldItalic.ttf in Resources */ = {isa = PBXBuildFile; fileRef = A62C913B66A147A2BB9FFF57 /* Inter_24pt-ExtraBoldItalic.ttf */; };
		B1112C67248547E6A36386FF /* Inter_24pt-ExtraLight.ttf in Resources */ = {isa = PBXBuildFile; fileRef = 7C8C3D52C27B4AE8B5045B05 /* Inter_24pt-ExtraLight.ttf */; };
		762025D00F1B4D6492AD9E66 /* Inter_24pt-ExtraLightItalic.ttf in Resources */ = {isa = PBXBuildFile; fileRef = DFFED0C17BDE4F54B79F7CDD /* Inter_24pt-ExtraLightItalic.ttf */; };
		569446E04B5241F28101476B /* Inter_24pt-Italic.ttf in Resources */ = {isa = PBXBuildFile; fileRef = A8B2167DE15541C1862CDE35 /* Inter_24pt-Italic.ttf */; };
		25A6B75FF23C44F388333A6F /* Inter_24pt-Light.ttf in Resources */ = {isa = PBXBuildFile; fileRef = 64E76C10403F4B408C351124 /* Inter_24pt-Light.ttf */; };
		3536F38F69534DC39CC20269 /* Inter_24pt-LightItalic.ttf in Resources */ = {isa = PBXBuildFile; fileRef = 162B37730B2B4666BC78C326 /* Inter_24pt-LightItalic.ttf */; };
		EBCF900276F74939BCB02DED /* Inter_24pt-Medium.ttf in Resources */ = {isa = PBXBuildFile; fileRef = 81F68215B31F4B098AB47984 /* Inter_24pt-Medium.ttf */; };
		11BE6BEB9AFE4D4BACB0489A /* Inter_24pt-MediumItalic.ttf in Resources */ = {isa = PBXBuildFile; fileRef = 7269CFDEB2954F499BE70F1F /* Inter_24pt-MediumItalic.ttf */; };
		0298C5ECA778413B810685CF /* Inter_24pt-Regular.ttf in Resources */ = {isa = PBXBuildFile; fileRef = B617781D8396480A8897F411 /* Inter_24pt-Regular.ttf */; };
		FFF2003344314E8985A20A1A /* Inter_24pt-SemiBold.ttf in Resources */ = {isa = PBXBuildFile; fileRef = 2E0F7260A132407A9027C483 /* Inter_24pt-SemiBold.ttf */; };
		EED45C02A31D4D2CABD54E01 /* Inter_24pt-SemiBoldItalic.ttf in Resources */ = {isa = PBXBuildFile; fileRef = 2F188B512D894D7B91A2D83A /* Inter_24pt-SemiBoldItalic.ttf */; };
		5E3BB847FEA34187889DABF4 /* Inter_24pt-Thin.ttf in Resources */ = {isa = PBXBuildFile; fileRef = 8FC77A5245214179B81ACDD6 /* Inter_24pt-Thin.ttf */; };
		F697B13D345F41CAA7F9607C /* Inter_24pt-ThinItalic.ttf in Resources */ = {isa = PBXBuildFile; fileRef = 5BC42986232941068BF70B53 /* Inter_24pt-ThinItalic.ttf */; };
		A58101FBCEE145B6A2FB2213 /* Inter_28pt-Black.ttf in Resources */ = {isa = PBXBuildFile; fileRef = 4469052BBDAB453CBB78E734 /* Inter_28pt-Black.ttf */; };
		BB69003A748848A3BD5B4E0E /* Inter_28pt-BlackItalic.ttf in Resources */ = {isa = PBXBuildFile; fileRef = 74E615CFA07646B5AEB67B3D /* Inter_28pt-BlackItalic.ttf */; };
		FBE23A49C646496C8F67BC4D /* Inter_28pt-Bold.ttf in Resources */ = {isa = PBXBuildFile; fileRef = B893493C80254E259C57F696 /* Inter_28pt-Bold.ttf */; };
		13B967DC4D064E58A845CBBB /* Inter_28pt-BoldItalic.ttf in Resources */ = {isa = PBXBuildFile; fileRef = 67D2856C6B064BD9BE0C6043 /* Inter_28pt-BoldItalic.ttf */; };
		03249D4895A24E77B3A74CD9 /* Inter_28pt-ExtraBold.ttf in Resources */ = {isa = PBXBuildFile; fileRef = F237EC5C10F546F781BCB00C /* Inter_28pt-ExtraBold.ttf */; };
		E1B5848A11FF499D92A92AA3 /* Inter_28pt-ExtraBoldItalic.ttf in Resources */ = {isa = PBXBuildFile; fileRef = FB1B064354AB41879F76C585 /* Inter_28pt-ExtraBoldItalic.ttf */; };
		54FBF1D2EA8A4C15BF1F5F22 /* Inter_28pt-ExtraLight.ttf in Resources */ = {isa = PBXBuildFile; fileRef = 0B6410488CCF4257AF591B3A /* Inter_28pt-ExtraLight.ttf */; };
		0A1AA94935384028848E7050 /* Inter_28pt-ExtraLightItalic.ttf in Resources */ = {isa = PBXBuildFile; fileRef = 0E993BC6AF194F19ACD019F2 /* Inter_28pt-ExtraLightItalic.ttf */; };
		AF528AFD9CC341FEA46462B6 /* Inter_28pt-Italic.ttf in Resources */ = {isa = PBXBuildFile; fileRef = CC44B941A802413BBD3159F3 /* Inter_28pt-Italic.ttf */; };
		BBAC4BD218404ECFB72AE618 /* Inter_28pt-Light.ttf in Resources */ = {isa = PBXBuildFile; fileRef = 81D5E68E4C684DA7990A09BD /* Inter_28pt-Light.ttf */; };
		ADB4726A31E24CE389EE8BE3 /* Inter_28pt-LightItalic.ttf in Resources */ = {isa = PBXBuildFile; fileRef = 501577C4B9DA452483F64763 /* Inter_28pt-LightItalic.ttf */; };
		21674129257348AF93AE93AB /* Inter_28pt-Medium.ttf in Resources */ = {isa = PBXBuildFile; fileRef = B0F4FE66A10E473589E6DC35 /* Inter_28pt-Medium.ttf */; };
		84D9F91054BD4489AF8A48A1 /* Inter_28pt-MediumItalic.ttf in Resources */ = {isa = PBXBuildFile; fileRef = 404C41EBA0E24041907CBE7C /* Inter_28pt-MediumItalic.ttf */; };
		D401B4A130384191ADAFBE64 /* Inter_28pt-Regular.ttf in Resources */ = {isa = PBXBuildFile; fileRef = E16495BDD76A4D849EE11A81 /* Inter_28pt-Regular.ttf */; };
		7F09A3D2F4074A52865BD6CC /* Inter_28pt-SemiBold.ttf in Resources */ = {isa = PBXBuildFile; fileRef = 9362AB4E13C542C4B0BA74BF /* Inter_28pt-SemiBold.ttf */; };
		CD031D817FC043B79479DE05 /* Inter_28pt-SemiBoldItalic.ttf in Resources */ = {isa = PBXBuildFile; fileRef = D43C60215A7E471DA1946BCF /* Inter_28pt-SemiBoldItalic.ttf */; };
		6CD4DDD60CD44F86BE02F850 /* Inter_28pt-Thin.ttf in Resources */ = {isa = PBXBuildFile; fileRef = B54203FD8779494FB852C8E4 /* Inter_28pt-Thin.ttf */; };
		2CF30698A5C0408DBDD3D59E /* Inter_28pt-ThinItalic.ttf in Resources */ = {isa = PBXBuildFile; fileRef = DE0A0A9508C549D09779AFDD /* Inter_28pt-ThinItalic.ttf */; };
/* End PBXBuildFile section */

/* Begin PBXContainerItemProxy section */
		00E356F41AD99517003FC87E /* PBXContainerItemProxy */ = {
			isa = PBXContainerItemProxy;
			containerPortal = 83CBB9F71A601CBA00E9B192 /* Project object */;
			proxyType = 1;
			remoteGlobalIDString = 13B07F861A680F5B00A75B9A;
			remoteInfo = Zadanie5;
		};
/* End PBXContainerItemProxy section */

/* Begin PBXFileReference section */
		00E356EE1AD99517003FC87E /* Zadanie5Tests.xctest */ = {isa = PBXFileReference; explicitFileType = wrapper.cfbundle; includeInIndex = 0; path = Zadanie5Tests.xctest; sourceTree = BUILT_PRODUCTS_DIR; };
		00E356F11AD99517003FC87E /* Info.plist */ = {isa = PBXFileReference; lastKnownFileType = text.plist.xml; path = Info.plist; sourceTree = "<group>"; };
		00E356F21AD99517003FC87E /* Zadanie5Tests.m */ = {isa = PBXFileReference; lastKnownFileType = sourcecode.c.objc; path = Zadanie5Tests.m; sourceTree = "<group>"; };
		13B07F961A680F5B00A75B9A /* Zadanie5.app */ = {isa = PBXFileReference; explicitFileType = wrapper.application; includeInIndex = 0; path = Zadanie5.app; sourceTree = BUILT_PRODUCTS_DIR; };
		13B07FAF1A68108700A75B9A /* AppDelegate.h */ = {isa = PBXFileReference; fileEncoding = 4; lastKnownFileType = sourcecode.c.h; name = AppDelegate.h; path = Zadanie5/AppDelegate.h; sourceTree = "<group>"; };
		13B07FB01A68108700A75B9A /* AppDelegate.mm */ = {isa = PBXFileReference; fileEncoding = 4; lastKnownFileType = sourcecode.cpp.objcpp; name = AppDelegate.mm; path = Zadanie5/AppDelegate.mm; sourceTree = "<group>"; };
		13B07FB51A68108700A75B9A /* Images.xcassets */ = {isa = PBXFileReference; lastKnownFileType = folder.assetcatalog; name = Images.xcassets; path = Zadanie5/Images.xcassets; sourceTree = "<group>"; };
		13B07FB61A68108700A75B9A /* Info.plist */ = {isa = PBXFileReference; fileEncoding = 4; lastKnownFileType = text.plist.xml; name = Info.plist; path = Zadanie5/Info.plist; sourceTree = "<group>"; };
		13B07FB71A68108700A75B9A /* main.m */ = {isa = PBXFileReference; fileEncoding = 4; lastKnownFileType = sourcecode.c.objc; name = main.m; path = Zadanie5/main.m; sourceTree = "<group>"; };
		13B07FB81A68108700A75B9A /* PrivacyInfo.xcprivacy */ = {isa = PBXFileReference; fileEncoding = 4; lastKnownFileType = text.plist.xml; name = PrivacyInfo.xcprivacy; path = Zadanie5/PrivacyInfo.xcprivacy; sourceTree = "<group>"; };
		19F6CBCC0A4E27FBF8BF4A61 /* libPods-Zadanie5-Zadanie5Tests.a */ = {isa = PBXFileReference; explicitFileType = archive.ar; includeInIndex = 0; path = "libPods-Zadanie5-Zadanie5Tests.a"; sourceTree = BUILT_PRODUCTS_DIR; };
		3B4392A12AC88292D35C810B /* Pods-Zadanie5.debug.xcconfig */ = {isa = PBXFileReference; includeInIndex = 1; lastKnownFileType = text.xcconfig; name = "Pods-Zadanie5.debug.xcconfig"; path = "Target Support Files/Pods-Zadanie5/Pods-Zadanie5.debug.xcconfig"; sourceTree = "<group>"; };
		5709B34CF0A7D63546082F79 /* Pods-Zadanie5.release.xcconfig */ = {isa = PBXFileReference; includeInIndex = 1; lastKnownFileType = text.xcconfig; name = "Pods-Zadanie5.release.xcconfig"; path = "Target Support Files/Pods-Zadanie5/Pods-Zadanie5.release.xcconfig"; sourceTree = "<group>"; };
		5B7EB9410499542E8C5724F5 /* Pods-Zadanie5-Zadanie5Tests.debug.xcconfig */ = {isa = PBXFileReference; includeInIndex = 1; lastKnownFileType = text.xcconfig; name = "Pods-Zadanie5-Zadanie5Tests.debug.xcconfig"; path = "Target Support Files/Pods-Zadanie5-Zadanie5Tests/Pods-Zadanie5-Zadanie5Tests.debug.xcconfig"; sourceTree = "<group>"; };
		5DCACB8F33CDC322A6C60F78 /* libPods-Zadanie5.a */ = {isa = PBXFileReference; explicitFileType = archive.ar; includeInIndex = 0; path = "libPods-Zadanie5.a"; sourceTree = BUILT_PRODUCTS_DIR; };
		81AB9BB72411601600AC10FF /* LaunchScreen.storyboard */ = {isa = PBXFileReference; fileEncoding = 4; lastKnownFileType = file.storyboard; name = LaunchScreen.storyboard; path = Zadanie5/LaunchScreen.storyboard; sourceTree = "<group>"; };
		89C6BE57DB24E9ADA2F236DE /* Pods-Zadanie5-Zadanie5Tests.release.xcconfig */ = {isa = PBXFileReference; includeInIndex = 1; lastKnownFileType = text.xcconfig; name = "Pods-Zadanie5-Zadanie5Tests.release.xcconfig"; path = "Target Support Files/Pods-Zadanie5-Zadanie5Tests/Pods-Zadanie5-Zadanie5Tests.release.xcconfig"; sourceTree = "<group>"; };
		ED297162215061F000B7C4FE /* JavaScriptCore.framework */ = {isa = PBXFileReference; lastKnownFileType = wrapper.framework; name = JavaScriptCore.framework; path = System/Library/Frameworks/JavaScriptCore.framework; sourceTree = SDKROOT; };
		9BB3BEC73A8B48B3AFD21276 /* Inter_18pt-Black.ttf */ = {isa = PBXFileReference; name = "Inter_18pt-Black.ttf"; path = "../assets/fonts/Inter_18pt-Black.ttf"; sourceTree = "<group>"; fileEncoding = undefined; lastKnownFileType = unknown; explicitFileType = undefined; includeInIndex = 0; };
		D0615022E9E44C09A2F29202 /* Inter_18pt-BlackItalic.ttf */ = {isa = PBXFileReference; name = "Inter_18pt-BlackItalic.ttf"; path = "../assets/fonts/Inter_18pt-BlackItalic.ttf"; sourceTree = "<group>"; fileEncoding = undefined; lastKnownFileType = unknown; explicitFileType = undefined; includeInIndex = 0; };
		ECA88583955C4F48B520E091 /* Inter_18pt-Bold.ttf */ = {isa = PBXFileReference; name = "Inter_18pt-Bold.ttf"; path = "../assets/fonts/Inter_18pt-Bold.ttf"; sourceTree = "<group>"; fileEncoding = undefined; lastKnownFileType = unknown; explicitFileType = undefined; includeInIndex = 0; };
		7393E6589F434BC6B9DB9303 /* Inter_18pt-BoldItalic.ttf */ = {isa = PBXFileReference; name = "Inter_18pt-BoldItalic.ttf"; path = "../assets/fonts/Inter_18pt-BoldItalic.ttf"; sourceTree = "<group>"; fileEncoding = undefined; lastKnownFileType = unknown; explicitFileType = undefined; includeInIndex = 0; };
		4505CEF2C9484783AFDCF1D3 /* Inter_18pt-ExtraBold.ttf */ = {isa = PBXFileReference; name = "Inter_18pt-ExtraBold.ttf"; path = "../assets/fonts/Inter_18pt-ExtraBold.ttf"; sourceTree = "<group>"; fileEncoding = undefined; lastKnownFileType = unknown; explicitFileType = undefined; includeInIndex = 0; };
		A85C18E605B24564BD99959F /* Inter_18pt-ExtraBoldItalic.ttf */ = {isa = PBXFileReference; name = "Inter_18pt-ExtraBoldItalic.ttf"; path = "../assets/fonts/Inter_18pt-ExtraBoldItalic.ttf"; sourceTree = "<group>"; fileEncoding = undefined; lastKnownFileType = unknown; explicitFileType = undefined; includeInIndex = 0; };
		D5ACCEFB318B41DE8D3E65D7 /* Inter_18pt-ExtraLight.ttf */ = {isa = PBXFileReference; name = "Inter_18pt-ExtraLight.ttf"; path = "../assets/fonts/Inter_18pt-ExtraLight.ttf"; sourceTree = "<group>"; fileEncoding = undefined; lastKnownFileType = unknown; explicitFileType = undefined; includeInIndex = 0; };
		72BB9030E87147FB8EFA40F6 /* Inter_18pt-ExtraLightItalic.ttf */ = {isa = PBXFileReference; name = "Inter_18pt-ExtraLightItalic.ttf"; path = "../assets/fonts/Inter_18pt-ExtraLightItalic.ttf"; sourceTree = "<group>"; fileEncoding = undefined; lastKnownFileType = unknown; explicitFileType = undefined; includeInIndex = 0; };
		2B7F45448CF84ABFBE67C557 /* Inter_18pt-Italic.ttf */ = {isa = PBXFileReference; name = "Inter_18pt-Italic.ttf"; path = "../assets/fonts/Inter_18pt-Italic.ttf"; sourceTree = "<group>"; fileEncoding = undefined; lastKnownFileType = unknown; explicitFileType = undefined; includeInIndex = 0; };
		DA62FFA93EA74FEA9E0DAD30 /* Inter_18pt-Light.ttf */ = {isa = PBXFileReference; name = "Inter_18pt-Light.ttf"; path = "../assets/fonts/Inter_18pt-Light.ttf"; sourceTree = "<group>"; fileEncoding = undefined; lastKnownFileType = unknown; explicitFileType = undefined; includeInIndex = 0; };
		4308E7AFD6E94A58A022C7AB /* Inter_18pt-LightItalic.ttf */ = {isa = PBXFileReference; name = "Inter_18pt-LightItalic.ttf"; path = "../assets/fonts/Inter_18pt-LightItalic.ttf"; sourceTree = "<group>"; fileEncoding = undefined; lastKnownFileType = unknown; explicitFileType = undefined; includeInIndex = 0; };
		825554D7DB6545C6A019E17A /* Inter_18pt-Medium.ttf */ = {isa = PBXFileReference; name = "Inter_18pt-Medium.ttf"; path = "../assets/fonts/Inter_18pt-Medium.ttf"; sourceTree = "<group>"; fileEncoding = undefined; lastKnownFileType = unknown; explicitFileType = undefined; includeInIndex = 0; };
		CE2A971A1D114BDC83EC851E /* Inter_18pt-MediumItalic.ttf */ = {isa = PBXFileReference; name = "Inter_18pt-MediumItalic.ttf"; path = "../assets/fonts/Inter_18pt-MediumItalic.ttf"; sourceTree = "<group>"; fileEncoding = undefined; lastKnownFileType = unknown; explicitFileType = undefined; includeInIndex = 0; };
		FC645C5F860E4F2C86AB864D /* Inter_18pt-Regular.ttf */ = {isa = PBXFileReference; name = "Inter_18pt-Regular.ttf"; path = "../assets/fonts/Inter_18pt-Regular.ttf"; sourceTree = "<group>"; fileEncoding = undefined; lastKnownFileType = unknown; explicitFileType = undefined; includeInIndex = 0; };
		40972ACA9DF14E09A712D741 /* Inter_18pt-SemiBold.ttf */ = {isa = PBXFileReference; name = "Inter_18pt-SemiBold.ttf"; path = "../assets/fonts/Inter_18pt-SemiBold.ttf"; sourceTree = "<group>"; fileEncoding = undefined; lastKnownFileType = unknown; explicitFileType = undefined; includeInIndex = 0; };
		26635DC98DB34492985CB639 /* Inter_18pt-SemiBoldItalic.ttf */ = {isa = PBXFileReference; name = "Inter_18pt-SemiBoldItalic.ttf"; path = "../assets/fonts/Inter_18pt-SemiBoldItalic.ttf"; sourceTree = "<group>"; fileEncoding = undefined; lastKnownFileType = unknown; explicitFileType = undefined; includeInIndex = 0; };
		B28B7F4A7ED54E36BBFE0CCE /* Inter_18pt-Thin.ttf */ = {isa = PBXFileReference; name = "Inter_18pt-Thin.ttf"; path = "../assets/fonts/Inter_18pt-Thin.ttf"; sourceTree = "<group>"; fileEncoding = undefined; lastKnownFileType = unknown; explicitFileType = undefined; includeInIndex = 0; };
		2DADF9709CC74C93B8222211 /* Inter_18pt-ThinItalic.ttf */ = {isa = PBXFileReference; name = "Inter_18pt-ThinItalic.ttf"; path = "../assets/fonts/Inter_18pt-ThinItalic.ttf"; sourceTree = "<group>"; fileEncoding = undefined; lastKnownFileType = unknown; explicitFileType = undefined; includeInIndex = 0; };
		17CAEB863EE748278DD1A222 /* Inter_24pt-Black.ttf */ = {isa = PBXFileReference; name = "Inter_24pt-Black.ttf"; path = "../assets/fonts/Inter_24pt-Black.ttf"; sourceTree = "<group>"; fileEncoding = undefined; lastKnownFileType = unknown; explicitFileType = undefined; includeInIndex = 0; };
		F0F8024532A943898E924984 /* Inter_24pt-BlackItalic.ttf */ = {isa = PBXFileReference; name = "Inter_24pt-BlackItalic.ttf"; path = "../assets/fonts/Inter_24pt-BlackItalic.ttf"; sourceTree = "<group>"; fileEncoding = undefined; lastKnownFileType = unknown; explicitFileType = undefined; includeInIndex = 0; };
		4A3F4F10415A44F1860B7C08 /* Inter_24pt-Bold.ttf */ = {isa = PBXFileReference; name = "Inter_24pt-Bold.ttf"; path = "../assets/fonts/Inter_24pt-Bold.ttf"; sourceTree = "<group>"; fileEncoding = undefined; lastKnownFileType = unknown; explicitFileType = undefined; includeInIndex = 0; };
		77EF2523BF5D405A8662C93F /* Inter_24pt-BoldItalic.ttf */ = {isa = PBXFileReference; name = "Inter_24pt-BoldItalic.ttf"; path = "../assets/fonts/Inter_24pt-BoldItalic.ttf"; sourceTree = "<group>"; fileEncoding = undefined; lastKnownFileType = unknown; explicitFileType = undefined; includeInIndex = 0; };
		EF0BDE941B2A46F2BECB2536 /* Inter_24pt-ExtraBold.ttf */ = {isa = PBXFileReference; name = "Inter_24pt-ExtraBold.ttf"; path = "../assets/fonts/Inter_24pt-ExtraBold.ttf"; sourceTree = "<group>"; fileEncoding = undefined; lastKnownFileType = unknown; explicitFileType = undefined; includeInIndex = 0; };
		A62C913B66A147A2BB9FFF57 /* Inter_24pt-ExtraBoldItalic.ttf */ = {isa = PBXFileReference; name = "Inter_24pt-ExtraBoldItalic.ttf"; path = "../assets/fonts/Inter_24pt-ExtraBoldItalic.ttf"; sourceTree = "<group>"; fileEncoding = undefined; lastKnownFileType = unknown; explicitFileType = undefined; includeInIndex = 0; };
		7C8C3D52C27B4AE8B5045B05 /* Inter_24pt-ExtraLight.ttf */ = {isa = PBXFileReference; name = "Inter_24pt-ExtraLight.ttf"; path = "../assets/fonts/Inter_24pt-ExtraLight.ttf"; sourceTree = "<group>"; fileEncoding = undefined; lastKnownFileType = unknown; explicitFileType = undefined; includeInIndex = 0; };
		DFFED0C17BDE4F54B79F7CDD /* Inter_24pt-ExtraLightItalic.ttf */ = {isa = PBXFileReference; name = "Inter_24pt-ExtraLightItalic.ttf"; path = "../assets/fonts/Inter_24pt-ExtraLightItalic.ttf"; sourceTree = "<group>"; fileEncoding = undefined; lastKnownFileType = unknown; explicitFileType = undefined; includeInIndex = 0; };
		A8B2167DE15541C1862CDE35 /* Inter_24pt-Italic.ttf */ = {isa = PBXFileReference; name = "Inter_24pt-Italic.ttf"; path = "../assets/fonts/Inter_24pt-Italic.ttf"; sourceTree = "<group>"; fileEncoding = undefined; lastKnownFileType = unknown; explicitFileType = undefined; includeInIndex = 0; };
		64E76C10403F4B408C351124 /* Inter_24pt-Light.ttf */ = {isa = PBXFileReference; name = "Inter_24pt-Light.ttf"; path = "../assets/fonts/Inter_24pt-Light.ttf"; sourceTree = "<group>"; fileEncoding = undefined; lastKnownFileType = unknown; explicitFileType = undefined; includeInIndex = 0; };
		162B37730B2B4666BC78C326 /* Inter_24pt-LightItalic.ttf */ = {isa = PBXFileReference; name = "Inter_24pt-LightItalic.ttf"; path = "../assets/fonts/Inter_24pt-LightItalic.ttf"; sourceTree = "<group>"; fileEncoding = undefined; lastKnownFileType = unknown; explicitFileType = undefined; includeInIndex = 0; };
		81F68215B31F4B098AB47984 /* Inter_24pt-Medium.ttf */ = {isa = PBXFileReference; name = "Inter_24pt-Medium.ttf"; path = "../assets/fonts/Inter_24pt-Medium.ttf"; sourceTree = "<group>"; fileEncoding = undefined; lastKnownFileType = unknown; explicitFileType = undefined; includeInIndex = 0; };
		7269CFDEB2954F499BE70F1F /* Inter_24pt-MediumItalic.ttf */ = {isa = PBXFileReference; name = "Inter_24pt-MediumItalic.ttf"; path = "../assets/fonts/Inter_24pt-MediumItalic.ttf"; sourceTree = "<group>"; fileEncoding = undefined; lastKnownFileType = unknown; explicitFileType = undefined; includeInIndex = 0; };
		B617781D8396480A8897F411 /* Inter_24pt-Regular.ttf */ = {isa = PBXFileReference; name = "Inter_24pt-Regular.ttf"; path = "../assets/fonts/Inter_24pt-Regular.ttf"; sourceTree = "<group>"; fileEncoding = undefined; lastKnownFileType = unknown; explicitFileType = undefined; includeInIndex = 0; };
		2E0F7260A132407A9027C483 /* Inter_24pt-SemiBold.ttf */ = {isa = PBXFileReference; name = "Inter_24pt-SemiBold.ttf"; path = "../assets/fonts/Inter_24pt-SemiBold.ttf"; sourceTree = "<group>"; fileEncoding = undefined; lastKnownFileType = unknown; explicitFileType = undefined; includeInIndex = 0; };
		2F188B512D894D7B91A2D83A /* Inter_24pt-SemiBoldItalic.ttf */ = {isa = PBXFileReference; name = "Inter_24pt-SemiBoldItalic.ttf"; path = "../assets/fonts/Inter_24pt-SemiBoldItalic.ttf"; sourceTree = "<group>"; fileEncoding = undefined; lastKnownFileType = unknown; explicitFileType = undefined; includeInIndex = 0; };
		8FC77A5245214179B81ACDD6 /* Inter_24pt-Thin.ttf */ = {isa = PBXFileReference; name = "Inter_24pt-Thin.ttf"; path = "../assets/fonts/Inter_24pt-Thin.ttf"; sourceTree = "<group>"; fileEncoding = undefined; lastKnownFileType = unknown; explicitFileType = undefined; includeInIndex = 0; };
		5BC42986232941068BF70B53 /* Inter_24pt-ThinItalic.ttf */ = {isa = PBXFileReference; name = "Inter_24pt-ThinItalic.ttf"; path = "../assets/fonts/Inter_24pt-ThinItalic.ttf"; sourceTree = "<group>"; fileEncoding = undefined; lastKnownFileType = unknown; explicitFileType = undefined; includeInIndex = 0; };
		4469052BBDAB453CBB78E734 /* Inter_28pt-Black.ttf */ = {isa = PBXFileReference; name = "Inter_28pt-Black.ttf"; path = "../assets/fonts/Inter_28pt-Black.ttf"; sourceTree = "<group>"; fileEncoding = undefined; lastKnownFileType = unknown; explicitFileType = undefined; includeInIndex = 0; };
		74E615CFA07646B5AEB67B3D /* Inter_28pt-BlackItalic.ttf */ = {isa = PBXFileReference; name = "Inter_28pt-BlackItalic.ttf"; path = "../assets/fonts/Inter_28pt-BlackItalic.ttf"; sourceTree = "<group>"; fileEncoding = undefined; lastKnownFileType = unknown; explicitFileType = undefined; includeInIndex = 0; };
		B893493C80254E259C57F696 /* Inter_28pt-Bold.ttf */ = {isa = PBXFileReference; name = "Inter_28pt-Bold.ttf"; path = "../assets/fonts/Inter_28pt-Bold.ttf"; sourceTree = "<group>"; fileEncoding = undefined; lastKnownFileType = unknown; explicitFileType = undefined; includeInIndex = 0; };
		67D2856C6B064BD9BE0C6043 /* Inter_28pt-BoldItalic.ttf */ = {isa = PBXFileReference; name = "Inter_28pt-BoldItalic.ttf"; path = "../assets/fonts/Inter_28pt-BoldItalic.ttf"; sourceTree = "<group>"; fileEncoding = undefined; lastKnownFileType = unknown; explicitFileType = undefined; includeInIndex = 0; };
		F237EC5C10F546F781BCB00C /* Inter_28pt-ExtraBold.ttf */ = {isa = PBXFileReference; name = "Inter_28pt-ExtraBold.ttf"; path = "../assets/fonts/Inter_28pt-ExtraBold.ttf"; sourceTree = "<group>"; fileEncoding = undefined; lastKnownFileType = unknown; explicitFileType = undefined; includeInIndex = 0; };
		FB1B064354AB41879F76C585 /* Inter_28pt-ExtraBoldItalic.ttf */ = {isa = PBXFileReference; name = "Inter_28pt-ExtraBoldItalic.ttf"; path = "../assets/fonts/Inter_28pt-ExtraBoldItalic.ttf"; sourceTree = "<group>"; fileEncoding = undefined; lastKnownFileType = unknown; explicitFileType = undefined; includeInIndex = 0; };
		0B6410488CCF4257AF591B3A /* Inter_28pt-ExtraLight.ttf */ = {isa = PBXFileReference; name = "Inter_28pt-ExtraLight.ttf"; path = "../assets/fonts/Inter_28pt-ExtraLight.ttf"; sourceTree = "<group>"; fileEncoding = undefined; lastKnownFileType = unknown; explicitFileType = undefined; includeInIndex = 0; };
		0E993BC6AF194F19ACD019F2 /* Inter_28pt-ExtraLightItalic.ttf */ = {isa = PBXFileReference; name = "Inter_28pt-ExtraLightItalic.ttf"; path = "../assets/fonts/Inter_28pt-ExtraLightItalic.ttf"; sourceTree = "<group>"; fileEncoding = undefined; lastKnownFileType = unknown; explicitFileType = undefined; includeInIndex = 0; };
		CC44B941A802413BBD3159F3 /* Inter_28pt-Italic.ttf */ = {isa = PBXFileReference; name = "Inter_28pt-Italic.ttf"; path = "../assets/fonts/Inter_28pt-Italic.ttf"; sourceTree = "<group>"; fileEncoding = undefined; lastKnownFileType = unknown; explicitFileType = undefined; includeInIndex = 0; };
		81D5E68E4C684DA7990A09BD /* Inter_28pt-Light.ttf */ = {isa = PBXFileReference; name = "Inter_28pt-Light.ttf"; path = "../assets/fonts/Inter_28pt-Light.ttf"; sourceTree = "<group>"; fileEncoding = undefined; lastKnownFileType = unknown; explicitFileType = undefined; includeInIndex = 0; };
		501577C4B9DA452483F64763 /* Inter_28pt-LightItalic.ttf */ = {isa = PBXFileReference; name = "Inter_28pt-LightItalic.ttf"; path = "../assets/fonts/Inter_28pt-LightItalic.ttf"; sourceTree = "<group>"; fileEncoding = undefined; lastKnownFileType = unknown; explicitFileType = undefined; includeInIndex = 0; };
		B0F4FE66A10E473589E6DC35 /* Inter_28pt-Medium.ttf */ = {isa = PBXFileReference; name = "Inter_28pt-Medium.ttf"; path = "../assets/fonts/Inter_28pt-Medium.ttf"; sourceTree = "<group>"; fileEncoding = undefined; lastKnownFileType = unknown; explicitFileType = undefined; includeInIndex = 0; };
		404C41EBA0E24041907CBE7C /* Inter_28pt-MediumItalic.ttf */ = {isa = PBXFileReference; name = "Inter_28pt-MediumItalic.ttf"; path = "../assets/fonts/Inter_28pt-MediumItalic.ttf"; sourceTree = "<group>"; fileEncoding = undefined; lastKnownFileType = unknown; explicitFileType = undefined; includeInIndex = 0; };
		E16495BDD76A4D849EE11A81 /* Inter_28pt-Regular.ttf */ = {isa = PBXFileReference; name = "Inter_28pt-Regular.ttf"; path = "../assets/fonts/Inter_28pt-Regular.ttf"; sourceTree = "<group>"; fileEncoding = undefined; lastKnownFileType = unknown; explicitFileType = undefined; includeInIndex = 0; };
		9362AB4E13C542C4B0BA74BF /* Inter_28pt-SemiBold.ttf */ = {isa = PBXFileReference; name = "Inter_28pt-SemiBold.ttf"; path = "../assets/fonts/Inter_28pt-SemiBold.ttf"; sourceTree = "<group>"; fileEncoding = undefined; lastKnownFileType = unknown; explicitFileType = undefined; includeInIndex = 0; };
		D43C60215A7E471DA1946BCF /* Inter_28pt-SemiBoldItalic.ttf */ = {isa = PBXFileReference; name = "Inter_28pt-SemiBoldItalic.ttf"; path = "../assets/fonts/Inter_28pt-SemiBoldItalic.ttf"; sourceTree = "<group>"; fileEncoding = undefined; lastKnownFileType = unknown; explicitFileType = undefined; includeInIndex = 0; };
		B54203FD8779494FB852C8E4 /* Inter_28pt-Thin.ttf */ = {isa = PBXFileReference; name = "Inter_28pt-Thin.ttf"; path = "../assets/fonts/Inter_28pt-Thin.ttf"; sourceTree = "<group>"; fileEncoding = undefined; lastKnownFileType = unknown; explicitFileType = undefined; includeInIndex = 0; };
		DE0A0A9508C549D09779AFDD /* Inter_28pt-ThinItalic.ttf */ = {isa = PBXFileReference; name = "Inter_28pt-ThinItalic.ttf"; path = "../assets/fonts/Inter_28pt-ThinItalic.ttf"; sourceTree = "<group>"; fileEncoding = undefined; lastKnownFileType = unknown; explicitFileType = undefined; includeInIndex = 0; };
/* End PBXFileReference section */

/* Begin PBXFrameworksBuildPhase section */
		00E356EB1AD99517003FC87E /* Frameworks */ = {
			isa = PBXFrameworksBuildPhase;
			buildActionMask = 2147483647;
			files = (
				7699B88040F8A987B510C191 /* libPods-Zadanie5-Zadanie5Tests.a in Frameworks */,
			);
			runOnlyForDeploymentPostprocessing = 0;
		};
		13B07F8C1A680F5B00A75B9A /* Frameworks */ = {
			isa = PBXFrameworksBuildPhase;
			buildActionMask = 2147483647;
			files = (
				0C80B921A6F3F58F76C31292 /* libPods-Zadanie5.a in Frameworks */,
			);
			runOnlyForDeploymentPostprocessing = 0;
		};
/* End PBXFrameworksBuildPhase section */

/* Begin PBXGroup section */
		00E356EF1AD99517003FC87E /* Zadanie5Tests */ = {
			isa = PBXGroup;
			children = (
				00E356F21AD99517003FC87E /* Zadanie5Tests.m */,
				00E356F01AD99517003FC87E /* Supporting Files */,
			);
			path = Zadanie5Tests;
			sourceTree = "<group>";
		};
		00E356F01AD99517003FC87E /* Supporting Files */ = {
			isa = PBXGroup;
			children = (
				00E356F11AD99517003FC87E /* Info.plist */,
			);
			name = "Supporting Files";
			sourceTree = "<group>";
		};
		13B07FAE1A68108700A75B9A /* Zadanie5 */ = {
			isa = PBXGroup;
			children = (
				13B07FAF1A68108700A75B9A /* AppDelegate.h */,
				13B07FB01A68108700A75B9A /* AppDelegate.mm */,
				13B07FB51A68108700A75B9A /* Images.xcassets */,
				13B07FB61A68108700A75B9A /* Info.plist */,
				81AB9BB72411601600AC10FF /* LaunchScreen.storyboard */,
				13B07FB71A68108700A75B9A /* main.m */,
				13B07FB81A68108700A75B9A /* PrivacyInfo.xcprivacy */,
			);
			name = Zadanie5;
			sourceTree = "<group>";
		};
		2D16E6871FA4F8E400B85C8A /* Frameworks */ = {
			isa = PBXGroup;
			children = (
				ED297162215061F000B7C4FE /* JavaScriptCore.framework */,
				5DCACB8F33CDC322A6C60F78 /* libPods-Zadanie5.a */,
				19F6CBCC0A4E27FBF8BF4A61 /* libPods-Zadanie5-Zadanie5Tests.a */,
			);
			name = Frameworks;
			sourceTree = "<group>";
		};
		832341AE1AAA6A7D00B99B32 /* Libraries */ = {
			isa = PBXGroup;
			children = (
			);
			name = Libraries;
			sourceTree = "<group>";
		};
		83CBB9F61A601CBA00E9B192 = {
			isa = PBXGroup;
			children = (
				13B07FAE1A68108700A75B9A /* Zadanie5 */,
				832341AE1AAA6A7D00B99B32 /* Libraries */,
				00E356EF1AD99517003FC87E /* Zadanie5Tests */,
				83CBBA001A601CBA00E9B192 /* Products */,
				2D16E6871FA4F8E400B85C8A /* Frameworks */,
				BBD78D7AC51CEA395F1C20DB /* Pods */,
				17C9023A18414F1B8E162E18 /* Resources */,
			);
			indentWidth = 2;
			sourceTree = "<group>";
			tabWidth = 2;
			usesTabs = 0;
		};
		83CBBA001A601CBA00E9B192 /* Products */ = {
			isa = PBXGroup;
			children = (
				13B07F961A680F5B00A75B9A /* Zadanie5.app */,
				00E356EE1AD99517003FC87E /* Zadanie5Tests.xctest */,
			);
			name = Products;
			sourceTree = "<group>";
		};
		BBD78D7AC51CEA395F1C20DB /* Pods */ = {
			isa = PBXGroup;
			children = (
				3B4392A12AC88292D35C810B /* Pods-Zadanie5.debug.xcconfig */,
				5709B34CF0A7D63546082F79 /* Pods-Zadanie5.release.xcconfig */,
				5B7EB9410499542E8C5724F5 /* Pods-Zadanie5-Zadanie5Tests.debug.xcconfig */,
				89C6BE57DB24E9ADA2F236DE /* Pods-Zadanie5-Zadanie5Tests.release.xcconfig */,
			);
			path = Pods;
			sourceTree = "<group>";
		};
		17C9023A18414F1B8E162E18 /* Resources */ = {
			isa = "PBXGroup";
			children = (
				9BB3BEC73A8B48B3AFD21276 /* Inter_18pt-Black.ttf */,
				D0615022E9E44C09A2F29202 /* Inter_18pt-BlackItalic.ttf */,
				ECA88583955C4F48B520E091 /* Inter_18pt-Bold.ttf */,
				7393E6589F434BC6B9DB9303 /* Inter_18pt-BoldItalic.ttf */,
				4505CEF2C9484783AFDCF1D3 /* Inter_18pt-ExtraBold.ttf */,
				A85C18E605B24564BD99959F /* Inter_18pt-ExtraBoldItalic.ttf */,
				D5ACCEFB318B41DE8D3E65D7 /* Inter_18pt-ExtraLight.ttf */,
				72BB9030E87147FB8EFA40F6 /* Inter_18pt-ExtraLightItalic.ttf */,
				2B7F45448CF84ABFBE67C557 /* Inter_18pt-Italic.ttf */,
				DA62FFA93EA74FEA9E0DAD30 /* Inter_18pt-Light.ttf */,
				4308E7AFD6E94A58A022C7AB /* Inter_18pt-LightItalic.ttf */,
				825554D7DB6545C6A019E17A /* Inter_18pt-Medium.ttf */,
				CE2A971A1D114BDC83EC851E /* Inter_18pt-MediumItalic.ttf */,
				FC645C5F860E4F2C86AB864D /* Inter_18pt-Regular.ttf */,
				40972ACA9DF14E09A712D741 /* Inter_18pt-SemiBold.ttf */,
				26635DC98DB34492985CB639 /* Inter_18pt-SemiBoldItalic.ttf */,
				B28B7F4A7ED54E36BBFE0CCE /* Inter_18pt-Thin.ttf */,
				2DADF9709CC74C93B8222211 /* Inter_18pt-ThinItalic.ttf */,
				17CAEB863EE748278DD1A222 /* Inter_24pt-Black.ttf */,
				F0F8024532A943898E924984 /* Inter_24pt-BlackItalic.ttf */,
				4A3F4F10415A44F1860B7C08 /* Inter_24pt-Bold.ttf */,
				77EF2523BF5D405A8662C93F /* Inter_24pt-BoldItalic.ttf */,
				EF0BDE941B2A46F2BECB2536 /* Inter_24pt-ExtraBold.ttf */,
				A62C913B66A147A2BB9FFF57 /* Inter_24pt-ExtraBoldItalic.ttf */,
				7C8C3D52C27B4AE8B5045B05 /* Inter_24pt-ExtraLight.ttf */,
				DFFED0C17BDE4F54B79F7CDD /* Inter_24pt-ExtraLightItalic.ttf */,
				A8B2167DE15541C1862CDE35 /* Inter_24pt-Italic.ttf */,
				64E76C10403F4B408C351124 /* Inter_24pt-Light.ttf */,
				162B37730B2B4666BC78C326 /* Inter_24pt-LightItalic.ttf */,
				81F68215B31F4B098AB47984 /* Inter_24pt-Medium.ttf */,
				7269CFDEB2954F499BE70F1F /* Inter_24pt-MediumItalic.ttf */,
				B617781D8396480A8897F411 /* Inter_24pt-Regular.ttf */,
				2E0F7260A132407A9027C483 /* Inter_24pt-SemiBold.ttf */,
				2F188B512D894D7B91A2D83A /* Inter_24pt-SemiBoldItalic.ttf */,
				8FC77A5245214179B81ACDD6 /* Inter_24pt-Thin.ttf */,
				5BC42986232941068BF70B53 /* Inter_24pt-ThinItalic.ttf */,
				4469052BBDAB453CBB78E734 /* Inter_28pt-Black.ttf */,
				74E615CFA07646B5AEB67B3D /* Inter_28pt-BlackItalic.ttf */,
				B893493C80254E259C57F696 /* Inter_28pt-Bold.ttf */,
				67D2856C6B064BD9BE0C6043 /* Inter_28pt-BoldItalic.ttf */,
				F237EC5C10F546F781BCB00C /* Inter_28pt-ExtraBold.ttf */,
				FB1B064354AB41879F76C585 /* Inter_28pt-ExtraBoldItalic.ttf */,
				0B6410488CCF4257AF591B3A /* Inter_28pt-ExtraLight.ttf */,
				0E993BC6AF194F19ACD019F2 /* Inter_28pt-ExtraLightItalic.ttf */,
				CC44B941A802413BBD3159F3 /* Inter_28pt-Italic.ttf */,
				81D5E68E4C684DA7990A09BD /* Inter_28pt-Light.ttf */,
				501577C4B9DA452483F64763 /* Inter_28pt-LightItalic.ttf */,
				B0F4FE66A10E473589E6DC35 /* Inter_28pt-Medium.ttf */,
				404C41EBA0E24041907CBE7C /* Inter_28pt-MediumItalic.ttf */,
				E16495BDD76A4D849EE11A81 /* Inter_28pt-Regular.ttf */,
				9362AB4E13C542C4B0BA74BF /* Inter_28pt-SemiBold.ttf */,
				D43C60215A7E471DA1946BCF /* Inter_28pt-SemiBoldItalic.ttf */,
				B54203FD8779494FB852C8E4 /* Inter_28pt-Thin.ttf */,
				DE0A0A9508C549D09779AFDD /* Inter_28pt-ThinItalic.ttf */,
			);
			name = Resources;
			sourceTree = "<group>";
			path = "";
		};
/* End PBXGroup section */

/* Begin PBXNativeTarget section */
		00E356ED1AD99517003FC87E /* Zadanie5Tests */ = {
			isa = PBXNativeTarget;
			buildConfigurationList = 00E357021AD99517003FC87E /* Build configuration list for PBXNativeTarget "Zadanie5Tests" */;
			buildPhases = (
				A55EABD7B0C7F3A422A6CC61 /* [CP] Check Pods Manifest.lock */,
				00E356EA1AD99517003FC87E /* Sources */,
				00E356EB1AD99517003FC87E /* Frameworks */,
				00E356EC1AD99517003FC87E /* Resources */,
				C59DA0FBD6956966B86A3779 /* [CP] Embed Pods Frameworks */,
				F6A41C54EA430FDDC6A6ED99 /* [CP] Copy Pods Resources */,
			);
			buildRules = (
			);
			dependencies = (
				00E356F51AD99517003FC87E /* PBXTargetDependency */,
			);
			name = Zadanie5Tests;
			productName = Zadanie5Tests;
			productReference = 00E356EE1AD99517003FC87E /* Zadanie5Tests.xctest */;
			productType = "com.apple.product-type.bundle.unit-test";
		};
		13B07F861A680F5B00A75B9A /* Zadanie5 */ = {
			isa = PBXNativeTarget;
			buildConfigurationList = 13B07F931A680F5B00A75B9A /* Build configuration list for PBXNativeTarget "Zadanie5" */;
			buildPhases = (
				C38B50BA6285516D6DCD4F65 /* [CP] Check Pods Manifest.lock */,
				13B07F871A680F5B00A75B9A /* Sources */,
				13B07F8C1A680F5B00A75B9A /* Frameworks */,
				13B07F8E1A680F5B00A75B9A /* Resources */,
				00DD1BFF1BD5951E006B06BC /* Bundle React Native code and images */,
				00EEFC60759A1932668264C0 /* [CP] Embed Pods Frameworks */,
				E235C05ADACE081382539298 /* [CP] Copy Pods Resources */,
			);
			buildRules = (
			);
			dependencies = (
			);
			name = Zadanie5;
			productName = Zadanie5;
			productReference = 13B07F961A680F5B00A75B9A /* Zadanie5.app */;
			productType = "com.apple.product-type.application";
		};
/* End PBXNativeTarget section */

/* Begin PBXProject section */
		83CBB9F71A601CBA00E9B192 /* Project object */ = {
			isa = PBXProject;
			attributes = {
				LastUpgradeCheck = 1210;
				TargetAttributes = {
					00E356ED1AD99517003FC87E = {
						CreatedOnToolsVersion = 6.2;
						TestTargetID = 13B07F861A680F5B00A75B9A;
					};
					13B07F861A680F5B00A75B9A = {
						LastSwiftMigration = 1120;
					};
				};
			};
			buildConfigurationList = 83CBB9FA1A601CBA00E9B192 /* Build configuration list for PBXProject "Zadanie5" */;
			compatibilityVersion = "Xcode 12.0";
			developmentRegion = en;
			hasScannedForEncodings = 0;
			knownRegions = (
				en,
				Base,
			);
			mainGroup = 83CBB9F61A601CBA00E9B192;
			productRefGroup = 83CBBA001A601CBA00E9B192 /* Products */;
			projectDirPath = "";
			projectRoot = "";
			targets = (
				13B07F861A680F5B00A75B9A /* Zadanie5 */,
				00E356ED1AD99517003FC87E /* Zadanie5Tests */,
			);
		};
/* End PBXProject section */

/* Begin PBXResourcesBuildPhase section */
		00E356EC1AD99517003FC87E /* Resources */ = {
			isa = PBXResourcesBuildPhase;
			buildActionMask = 2147483647;
			files = (
			);
			runOnlyForDeploymentPostprocessing = 0;
		};
		13B07F8E1A680F5B00A75B9A /* Resources */ = {
			isa = PBXResourcesBuildPhase;
			buildActionMask = 2147483647;
			files = (
				81AB9BB82411601600AC10FF /* LaunchScreen.storyboard in Resources */,
				13B07FBF1A68108700A75B9A /* Images.xcassets in Resources */,
				F5EE48D2EDF84A6389E1B5A4 /* Inter_18pt-Black.ttf in Resources */,
				4F6B4A6C445A46EAB626F06B /* Inter_18pt-BlackItalic.ttf in Resources */,
				79005F058ED144A9B3924E8A /* Inter_18pt-Bold.ttf in Resources */,
				AD7D9B200CC246CCBC400D2B /* Inter_18pt-BoldItalic.ttf in Resources */,
				3DF744A677FF44E0A28D5DDA /* Inter_18pt-ExtraBold.ttf in Resources */,
				3A07AA52CA6B495D9B6A5153 /* Inter_18pt-ExtraBoldItalic.ttf in Resources */,
				DCF90050683E4CF9868351AA /* Inter_18pt-ExtraLight.ttf in Resources */,
				AA099B465AFF443E8F401BA8 /* Inter_18pt-ExtraLightItalic.ttf in Resources */,
				7D233544851C463A8D6FFB8A /* Inter_18pt-Italic.ttf in Resources */,
				E27EE27BA6A64EF680BEC87C /* Inter_18pt-Light.ttf in Resources */,
				F10865AA79DA4C41B3FC7E69 /* Inter_18pt-LightItalic.ttf in Resources */,
				F10D5E2B045E47C8B30E8315 /* Inter_18pt-Medium.ttf in Resources */,
				6F7F462C7D0A4DCB8FAA56F8 /* Inter_18pt-MediumItalic.ttf in Resources */,
				C53818AFA96F423FB072052E /* Inter_18pt-Regular.ttf in Resources */,
				D9FF920BE8394D6C9674D414 /* Inter_18pt-SemiBold.ttf in Resources */,
				5228C835D823421DB4F9400F /* Inter_18pt-SemiBoldItalic.ttf in Resources */,
				E0165785DB4A4C80A8F21DA8 /* Inter_18pt-Thin.ttf in Resources */,
				D0E7DBCDB67A400FAF82FE61 /* Inter_18pt-ThinItalic.ttf in Resources */,
				8E7BE8502112496D9DF982E8 /* Inter_24pt-Black.ttf in Resources */,
				A885F50773014EEEAD4EB18E /* Inter_24pt-BlackItalic.ttf in Resources */,
				CBF2D55E85E44FBE8A8EFD7B /* Inter_24pt-Bold.ttf in Resources */,
				07E99FB3DCFA47B5AACFE51E /* Inter_24pt-BoldItalic.ttf in Resources */,
				D3E756B353F643F292FB428D /* Inter_24pt-ExtraBold.ttf in Resources */,
				A773D5FB714943268F57A875 /* Inter_24pt-ExtraBoldItalic.ttf in Resources */,
				B1112C67248547E6A36386FF /* Inter_24pt-ExtraLight.ttf in Resources */,
				762025D00F1B4D6492AD9E66 /* Inter_24pt-ExtraLightItalic.ttf in Resources */,
				569446E04B5241F28101476B /* Inter_24pt-Italic.ttf in Resources */,
				25A6B75FF23C44F388333A6F /* Inter_24pt-Light.ttf in Resources */,
				3536F38F69534DC39CC20269 /* Inter_24pt-LightItalic.ttf in Resources */,
				EBCF900276F74939BCB02DED /* Inter_24pt-Medium.ttf in Resources */,
				11BE6BEB9AFE4D4BACB0489A /* Inter_24pt-MediumItalic.ttf in Resources */,
				0298C5ECA778413B810685CF /* Inter_24pt-Regular.ttf in Resources */,
				FFF2003344314E8985A20A1A /* Inter_24pt-SemiBold.ttf in Resources */,
				EED45C02A31D4D2CABD54E01 /* Inter_24pt-SemiBoldItalic.ttf in Resources */,
				5E3BB847FEA34187889DABF4 /* Inter_24pt-Thin.ttf in Resources */,
				F697B13D345F41CAA7F9607C /* Inter_24pt-ThinItalic.ttf in Resources */,
				A58101FBCEE145B6A2FB2213 /* Inter_28pt-Black.ttf in Resources */,
				BB69003A748848A3BD5B4E0E /* Inter_28pt-BlackItalic.ttf in Resources */,
				FBE23A49C646496C8F67BC4D /* Inter_28pt-Bold.ttf in Resources */,
				13B967DC4D064E58A845CBBB /* Inter_28pt-BoldItalic.ttf in Resources */,
				03249D4895A24E77B3A74CD9 /* Inter_28pt-ExtraBold.ttf in Resources */,
				E1B5848A11FF499D92A92AA3 /* Inter_28pt-ExtraBoldItalic.ttf in Resources */,
				54FBF1D2EA8A4C15BF1F5F22 /* Inter_28pt-ExtraLight.ttf in Resources */,
				0A1AA94935384028848E7050 /* Inter_28pt-ExtraLightItalic.ttf in Resources */,
				AF528AFD9CC341FEA46462B6 /* Inter_28pt-Italic.ttf in Resources */,
				BBAC4BD218404ECFB72AE618 /* Inter_28pt-Light.ttf in Resources */,
				ADB4726A31E24CE389EE8BE3 /* Inter_28pt-LightItalic.ttf in Resources */,
				21674129257348AF93AE93AB /* Inter_28pt-Medium.ttf in Resources */,
				84D9F91054BD4489AF8A48A1 /* Inter_28pt-MediumItalic.ttf in Resources */,
				D401B4A130384191ADAFBE64 /* Inter_28pt-Regular.ttf in Resources */,
				7F09A3D2F4074A52865BD6CC /* Inter_28pt-SemiBold.ttf in Resources */,
				CD031D817FC043B79479DE05 /* Inter_28pt-SemiBoldItalic.ttf in Resources */,
				6CD4DDD60CD44F86BE02F850 /* Inter_28pt-Thin.ttf in Resources */,
				2CF30698A5C0408DBDD3D59E /* Inter_28pt-ThinItalic.ttf in Resources */,
			);
			runOnlyForDeploymentPostprocessing = 0;
		};
/* End PBXResourcesBuildPhase section */

/* Begin PBXShellScriptBuildPhase section */
		00DD1BFF1BD5951E006B06BC /* Bundle React Native code and images */ = {
			isa = PBXShellScriptBuildPhase;
			buildActionMask = 2147483647;
			files = (
			);
			inputPaths = (
				"$(SRCROOT)/.xcode.env.local",
				"$(SRCROOT)/.xcode.env",
			);
			name = "Bundle React Native code and images";
			outputPaths = (
			);
			runOnlyForDeploymentPostprocessing = 0;
			shellPath = /bin/sh;
			shellScript = "set -e\n\nWITH_ENVIRONMENT=\"$REACT_NATIVE_PATH/scripts/xcode/with-environment.sh\"\nREACT_NATIVE_XCODE=\"$REACT_NATIVE_PATH/scripts/react-native-xcode.sh\"\n\n/bin/sh -c \"$WITH_ENVIRONMENT $REACT_NATIVE_XCODE\"\n";
		};
		00EEFC60759A1932668264C0 /* [CP] Embed Pods Frameworks */ = {
			isa = PBXShellScriptBuildPhase;
			buildActionMask = 2147483647;
			files = (
			);
			inputFileListPaths = (
				"${PODS_ROOT}/Target Support Files/Pods-Zadanie5/Pods-Zadanie5-frameworks-${CONFIGURATION}-input-files.xcfilelist",
			);
			name = "[CP] Embed Pods Frameworks";
			outputFileListPaths = (
				"${PODS_ROOT}/Target Support Files/Pods-Zadanie5/Pods-Zadanie5-frameworks-${CONFIGURATION}-output-files.xcfilelist",
			);
			runOnlyForDeploymentPostprocessing = 0;
			shellPath = /bin/sh;
			shellScript = "\"${PODS_ROOT}/Target Support Files/Pods-Zadanie5/Pods-Zadanie5-frameworks.sh\"\n";
			showEnvVarsInLog = 0;
		};
		A55EABD7B0C7F3A422A6CC61 /* [CP] Check Pods Manifest.lock */ = {
			isa = PBXShellScriptBuildPhase;
			buildActionMask = 2147483647;
			files = (
			);
			inputFileListPaths = (
			);
			inputPaths = (
				"${PODS_PODFILE_DIR_PATH}/Podfile.lock",
				"${PODS_ROOT}/Manifest.lock",
			);
			name = "[CP] Check Pods Manifest.lock";
			outputFileListPaths = (
			);
			outputPaths = (
				"$(DERIVED_FILE_DIR)/Pods-Zadanie5-Zadanie5Tests-checkManifestLockResult.txt",
			);
			runOnlyForDeploymentPostprocessing = 0;
			shellPath = /bin/sh;
			shellScript = "diff \"${PODS_PODFILE_DIR_PATH}/Podfile.lock\" \"${PODS_ROOT}/Manifest.lock\" > /dev/null\nif [ $? != 0 ] ; then\n    # print error to STDERR\n    echo \"error: The sandbox is not in sync with the Podfile.lock. Run 'pod install' or update your CocoaPods installation.\" >&2\n    exit 1\nfi\n# This output is used by Xcode 'outputs' to avoid re-running this script phase.\necho \"SUCCESS\" > \"${SCRIPT_OUTPUT_FILE_0}\"\n";
			showEnvVarsInLog = 0;
		};
		C38B50BA6285516D6DCD4F65 /* [CP] Check Pods Manifest.lock */ = {
			isa = PBXShellScriptBuildPhase;
			buildActionMask = 2147483647;
			files = (
			);
			inputFileListPaths = (
			);
			inputPaths = (
				"${PODS_PODFILE_DIR_PATH}/Podfile.lock",
				"${PODS_ROOT}/Manifest.lock",
			);
			name = "[CP] Check Pods Manifest.lock";
			outputFileListPaths = (
			);
			outputPaths = (
				"$(DERIVED_FILE_DIR)/Pods-Zadanie5-checkManifestLockResult.txt",
			);
			runOnlyForDeploymentPostprocessing = 0;
			shellPath = /bin/sh;
			shellScript = "diff \"${PODS_PODFILE_DIR_PATH}/Podfile.lock\" \"${PODS_ROOT}/Manifest.lock\" > /dev/null\nif [ $? != 0 ] ; then\n    # print error to STDERR\n    echo \"error: The sandbox is not in sync with the Podfile.lock. Run 'pod install' or update your CocoaPods installation.\" >&2\n    exit 1\nfi\n# This output is used by Xcode 'outputs' to avoid re-running this script phase.\necho \"SUCCESS\" > \"${SCRIPT_OUTPUT_FILE_0}\"\n";
			showEnvVarsInLog = 0;
		};
		C59DA0FBD6956966B86A3779 /* [CP] Embed Pods Frameworks */ = {
			isa = PBXShellScriptBuildPhase;
			buildActionMask = 2147483647;
			files = (
			);
			inputFileListPaths = (
				"${PODS_ROOT}/Target Support Files/Pods-Zadanie5-Zadanie5Tests/Pods-Zadanie5-Zadanie5Tests-frameworks-${CONFIGURATION}-input-files.xcfilelist",
			);
			name = "[CP] Embed Pods Frameworks";
			outputFileListPaths = (
				"${PODS_ROOT}/Target Support Files/Pods-Zadanie5-Zadanie5Tests/Pods-Zadanie5-Zadanie5Tests-frameworks-${CONFIGURATION}-output-files.xcfilelist",
			);
			runOnlyForDeploymentPostprocessing = 0;
			shellPath = /bin/sh;
			shellScript = "\"${PODS_ROOT}/Target Support Files/Pods-Zadanie5-Zadanie5Tests/Pods-Zadanie5-Zadanie5Tests-frameworks.sh\"\n";
			showEnvVarsInLog = 0;
		};
		E235C05ADACE081382539298 /* [CP] Copy Pods Resources */ = {
			isa = PBXShellScriptBuildPhase;
			buildActionMask = 2147483647;
			files = (
			);
			inputFileListPaths = (
				"${PODS_ROOT}/Target Support Files/Pods-Zadanie5/Pods-Zadanie5-resources-${CONFIGURATION}-input-files.xcfilelist",
			);
			name = "[CP] Copy Pods Resources";
			outputFileListPaths = (
				"${PODS_ROOT}/Target Support Files/Pods-Zadanie5/Pods-Zadanie5-resources-${CONFIGURATION}-output-files.xcfilelist",
			);
			runOnlyForDeploymentPostprocessing = 0;
			shellPath = /bin/sh;
			shellScript = "\"${PODS_ROOT}/Target Support Files/Pods-Zadanie5/Pods-Zadanie5-resources.sh\"\n";
			showEnvVarsInLog = 0;
		};
		F6A41C54EA430FDDC6A6ED99 /* [CP] Copy Pods Resources */ = {
			isa = PBXShellScriptBuildPhase;
			buildActionMask = 2147483647;
			files = (
			);
			inputFileListPaths = (
				"${PODS_ROOT}/Target Support Files/Pods-Zadanie5-Zadanie5Tests/Pods-Zadanie5-Zadanie5Tests-resources-${CONFIGURATION}-input-files.xcfilelist",
			);
			name = "[CP] Copy Pods Resources";
			outputFileListPaths = (
				"${PODS_ROOT}/Target Support Files/Pods-Zadanie5-Zadanie5Tests/Pods-Zadanie5-Zadanie5Tests-resources-${CONFIGURATION}-output-files.xcfilelist",
			);
			runOnlyForDeploymentPostprocessing = 0;
			shellPath = /bin/sh;
			shellScript = "\"${PODS_ROOT}/Target Support Files/Pods-Zadanie5-Zadanie5Tests/Pods-Zadanie5-Zadanie5Tests-resources.sh\"\n";
			showEnvVarsInLog = 0;
		};
/* End PBXShellScriptBuildPhase section */

/* Begin PBXSourcesBuildPhase section */
		00E356EA1AD99517003FC87E /* Sources */ = {
			isa = PBXSourcesBuildPhase;
			buildActionMask = 2147483647;
			files = (
				00E356F31AD99517003FC87E /* Zadanie5Tests.m in Sources */,
			);
			runOnlyForDeploymentPostprocessing = 0;
		};
		13B07F871A680F5B00A75B9A /* Sources */ = {
			isa = PBXSourcesBuildPhase;
			buildActionMask = 2147483647;
			files = (
				13B07FBC1A68108700A75B9A /* AppDelegate.mm in Sources */,
				13B07FC11A68108700A75B9A /* main.m in Sources */,
			);
			runOnlyForDeploymentPostprocessing = 0;
		};
/* End PBXSourcesBuildPhase section */

/* Begin PBXTargetDependency section */
		00E356F51AD99517003FC87E /* PBXTargetDependency */ = {
			isa = PBXTargetDependency;
			target = 13B07F861A680F5B00A75B9A /* Zadanie5 */;
			targetProxy = 00E356F41AD99517003FC87E /* PBXContainerItemProxy */;
		};
/* End PBXTargetDependency section */

/* Begin XCBuildConfiguration section */
		00E356F61AD99517003FC87E /* Debug */ = {
			isa = XCBuildConfiguration;
			baseConfigurationReference = 5B7EB9410499542E8C5724F5 /* Pods-Zadanie5-Zadanie5Tests.debug.xcconfig */;
			buildSettings = {
				BUNDLE_LOADER = "$(TEST_HOST)";
				GCC_PREPROCESSOR_DEFINITIONS = (
					"DEBUG=1",
					"$(inherited)",
				);
				INFOPLIST_FILE = Zadanie5Tests/Info.plist;
				IPHONEOS_DEPLOYMENT_TARGET = 13.4;
				LD_RUNPATH_SEARCH_PATHS = (
					"$(inherited)",
					"@executable_path/Frameworks",
					"@loader_path/Frameworks",
				);
				OTHER_LDFLAGS = (
					"-ObjC",
					"-lc++",
					"$(inherited)",
				);
				PRODUCT_BUNDLE_IDENTIFIER = "org.reactjs.native.example.$(PRODUCT_NAME:rfc1034identifier)";
				PRODUCT_NAME = "$(TARGET_NAME)";
				TEST_HOST = "$(BUILT_PRODUCTS_DIR)/Zadanie5.app/Zadanie5";
			};
			name = Debug;
		};
		00E356F71AD99517003FC87E /* Release */ = {
			isa = XCBuildConfiguration;
			baseConfigurationReference = 89C6BE57DB24E9ADA2F236DE /* Pods-Zadanie5-Zadanie5Tests.release.xcconfig */;
			buildSettings = {
				BUNDLE_LOADER = "$(TEST_HOST)";
				COPY_PHASE_STRIP = NO;
				INFOPLIST_FILE = Zadanie5Tests/Info.plist;
				IPHONEOS_DEPLOYMENT_TARGET = 13.4;
				LD_RUNPATH_SEARCH_PATHS = (
					"$(inherited)",
					"@executable_path/Frameworks",
					"@loader_path/Frameworks",
				);
				OTHER_LDFLAGS = (
					"-ObjC",
					"-lc++",
					"$(inherited)",
				);
				PRODUCT_BUNDLE_IDENTIFIER = "org.reactjs.native.example.$(PRODUCT_NAME:rfc1034identifier)";
				PRODUCT_NAME = "$(TARGET_NAME)";
				TEST_HOST = "$(BUILT_PRODUCTS_DIR)/Zadanie5.app/Zadanie5";
			};
			name = Release;
		};
		13B07F941A680F5B00A75B9A /* Debug */ = {
			isa = XCBuildConfiguration;
			baseConfigurationReference = 3B4392A12AC88292D35C810B /* Pods-Zadanie5.debug.xcconfig */;
			buildSettings = {
				ASSETCATALOG_COMPILER_APPICON_NAME = AppIcon;
				CLANG_ENABLE_MODULES = YES;
				CURRENT_PROJECT_VERSION = 1;
				ENABLE_BITCODE = NO;
				INFOPLIST_FILE = Zadanie5/Info.plist;
				LD_RUNPATH_SEARCH_PATHS = (
					"$(inherited)",
					"@executable_path/Frameworks",
				);
				MARKETING_VERSION = 1.0;
				OTHER_LDFLAGS = (
					"$(inherited)",
					"-ObjC",
					"-lc++",
				);
				PRODUCT_BUNDLE_IDENTIFIER = "org.reactjs.native.example.$(PRODUCT_NAME:rfc1034identifier)";
				PRODUCT_NAME = Zadanie5;
				SWIFT_OPTIMIZATION_LEVEL = "-Onone";
				SWIFT_VERSION = 5.0;
				VERSIONING_SYSTEM = "apple-generic";
			};
			name = Debug;
		};
		13B07F951A680F5B00A75B9A /* Release */ = {
			isa = XCBuildConfiguration;
			baseConfigurationReference = 5709B34CF0A7D63546082F79 /* Pods-Zadanie5.release.xcconfig */;
			buildSettings = {
				ASSETCATALOG_COMPILER_APPICON_NAME = AppIcon;
				CLANG_ENABLE_MODULES = YES;
				CURRENT_PROJECT_VERSION = 1;
				INFOPLIST_FILE = Zadanie5/Info.plist;
				LD_RUNPATH_SEARCH_PATHS = (
					"$(inherited)",
					"@executable_path/Frameworks",
				);
				MARKETING_VERSION = 1.0;
				OTHER_LDFLAGS = (
					"$(inherited)",
					"-ObjC",
					"-lc++",
				);
				PRODUCT_BUNDLE_IDENTIFIER = "org.reactjs.native.example.$(PRODUCT_NAME:rfc1034identifier)";
				PRODUCT_NAME = Zadanie5;
				SWIFT_VERSION = 5.0;
				VERSIONING_SYSTEM = "apple-generic";
			};
			name = Release;
		};
		83CBBA201A601CBA00E9B192 /* Debug */ = {
			isa = XCBuildConfiguration;
			buildSettings = {
				ALWAYS_SEARCH_USER_PATHS = NO;
				CLANG_ANALYZER_LOCALIZABILITY_NONLOCALIZED = YES;
				CLANG_CXX_LANGUAGE_STANDARD = "c++20";
				CLANG_CXX_LIBRARY = "libc++";
				CLANG_ENABLE_MODULES = YES;
				CLANG_ENABLE_OBJC_ARC = YES;
				CLANG_WARN_BLOCK_CAPTURE_AUTORELEASING = YES;
				CLANG_WARN_BOOL_CONVERSION = YES;
				CLANG_WARN_COMMA = YES;
				CLANG_WARN_CONSTANT_CONVERSION = YES;
				CLANG_WARN_DEPRECATED_OBJC_IMPLEMENTATIONS = YES;
				CLANG_WARN_DIRECT_OBJC_ISA_USAGE = YES_ERROR;
				CLANG_WARN_EMPTY_BODY = YES;
				CLANG_WARN_ENUM_CONVERSION = YES;
				CLANG_WARN_INFINITE_RECURSION = YES;
				CLANG_WARN_INT_CONVERSION = YES;
				CLANG_WARN_NON_LITERAL_NULL_CONVERSION = YES;
				CLANG_WARN_OBJC_IMPLICIT_RETAIN_SELF = YES;
				CLANG_WARN_OBJC_LITERAL_CONVERSION = YES;
				CLANG_WARN_OBJC_ROOT_CLASS = YES_ERROR;
				CLANG_WARN_QUOTED_INCLUDE_IN_FRAMEWORK_HEADER = YES;
				CLANG_WARN_RANGE_LOOP_ANALYSIS = YES;
				CLANG_WARN_STRICT_PROTOTYPES = YES;
				CLANG_WARN_SUSPICIOUS_MOVE = YES;
				CLANG_WARN_UNREACHABLE_CODE = YES;
				CLANG_WARN__DUPLICATE_METHOD_MATCH = YES;
				"CODE_SIGN_IDENTITY[sdk=iphoneos*]" = "iPhone Developer";
				COPY_PHASE_STRIP = NO;
				ENABLE_STRICT_OBJC_MSGSEND = YES;
				ENABLE_TESTABILITY = YES;
				"EXCLUDED_ARCHS[sdk=iphonesimulator*]" = "";
				GCC_C_LANGUAGE_STANDARD = gnu99;
				GCC_DYNAMIC_NO_PIC = NO;
				GCC_NO_COMMON_BLOCKS = YES;
				GCC_OPTIMIZATION_LEVEL = 0;
				GCC_PREPROCESSOR_DEFINITIONS = (
					"DEBUG=1",
					"$(inherited)",
				);
				GCC_SYMBOLS_PRIVATE_EXTERN = NO;
				GCC_WARN_64_TO_32_BIT_CONVERSION = YES;
				GCC_WARN_ABOUT_RETURN_TYPE = YES_ERROR;
				GCC_WARN_UNDECLARED_SELECTOR = YES;
				GCC_WARN_UNINITIALIZED_AUTOS = YES_AGGRESSIVE;
				GCC_WARN_UNUSED_FUNCTION = YES;
				GCC_WARN_UNUSED_VARIABLE = YES;
				IPHONEOS_DEPLOYMENT_TARGET = 13.4;
				LD_RUNPATH_SEARCH_PATHS = (
					/usr/lib/swift,
					"$(inherited)",
				);
				LIBRARY_SEARCH_PATHS = (
					"\"$(SDKROOT)/usr/lib/swift\"",
					"\"$(TOOLCHAIN_DIR)/usr/lib/swift/$(PLATFORM_NAME)\"",
					"\"$(inherited)\"",
				);
				MTL_ENABLE_DEBUG_INFO = YES;
				ONLY_ACTIVE_ARCH = YES;
				OTHER_CPLUSPLUSFLAGS = (
					"$(OTHER_CFLAGS)",
					"-DFOLLY_NO_CONFIG",
					"-DFOLLY_MOBILE=1",
					"-DFOLLY_USE_LIBCPP=1",
					"-DFOLLY_CFG_NO_COROUTINES=1",
					"-DFOLLY_HAVE_CLOCK_GETTIME=1",
				);
				SDKROOT = iphoneos;
			};
			name = Debug;
		};
		83CBBA211A601CBA00E9B192 /* Release */ = {
			isa = XCBuildConfiguration;
			buildSettings = {
				ALWAYS_SEARCH_USER_PATHS = NO;
				CLANG_ANALYZER_LOCALIZABILITY_NONLOCALIZED = YES;
				CLANG_CXX_LANGUAGE_STANDARD = "c++20";
				CLANG_CXX_LIBRARY = "libc++";
				CLANG_ENABLE_MODULES = YES;
				CLANG_ENABLE_OBJC_ARC = YES;
				CLANG_WARN_BLOCK_CAPTURE_AUTORELEASING = YES;
				CLANG_WARN_BOOL_CONVERSION = YES;
				CLANG_WARN_COMMA = YES;
				CLANG_WARN_CONSTANT_CONVERSION = YES;
				CLANG_WARN_DEPRECATED_OBJC_IMPLEMENTATIONS = YES;
				CLANG_WARN_DIRECT_OBJC_ISA_USAGE = YES_ERROR;
				CLANG_WARN_EMPTY_BODY = YES;
				CLANG_WARN_ENUM_CONVERSION = YES;
				CLANG_WARN_INFINITE_RECURSION = YES;
				CLANG_WARN_INT_CONVERSION = YES;
				CLANG_WARN_NON_LITERAL_NULL_CONVERSION = YES;
				CLANG_WARN_OBJC_IMPLICIT_RETAIN_SELF = YES;
				CLANG_WARN_OBJC_LITERAL_CONVERSION = YES;
				CLANG_WARN_OBJC_ROOT_CLASS = YES_ERROR;
				CLANG_WARN_QUOTED_INCLUDE_IN_FRAMEWORK_HEADER = YES;
				CLANG_WARN_RANGE_LOOP_ANALYSIS = YES;
				CLANG_WARN_STRICT_PROTOTYPES = YES;
				CLANG_WARN_SUSPICIOUS_MOVE = YES;
				CLANG_WARN_UNREACHABLE_CODE = YES;
				CLANG_WARN__DUPLICATE_METHOD_MATCH = YES;
				"CODE_SIGN_IDENTITY[sdk=iphoneos*]" = "iPhone Developer";
				COPY_PHASE_STRIP = YES;
				ENABLE_NS_ASSERTIONS = NO;
				ENABLE_STRICT_OBJC_MSGSEND = YES;
				"EXCLUDED_ARCHS[sdk=iphonesimulator*]" = "";
				GCC_C_LANGUAGE_STANDARD = gnu99;
				GCC_NO_COMMON_BLOCKS = YES;
				GCC_WARN_64_TO_32_BIT_CONVERSION = YES;
				GCC_WARN_ABOUT_RETURN_TYPE = YES_ERROR;
				GCC_WARN_UNDECLARED_SELECTOR = YES;
				GCC_WARN_UNINITIALIZED_AUTOS = YES_AGGRESSIVE;
				GCC_WARN_UNUSED_FUNCTION = YES;
				GCC_WARN_UNUSED_VARIABLE = YES;
				IPHONEOS_DEPLOYMENT_TARGET = 13.4;
				LD_RUNPATH_SEARCH_PATHS = (
					/usr/lib/swift,
					"$(inherited)",
				);
				LIBRARY_SEARCH_PATHS = (
					"\"$(SDKROOT)/usr/lib/swift\"",
					"\"$(TOOLCHAIN_DIR)/usr/lib/swift/$(PLATFORM_NAME)\"",
					"\"$(inherited)\"",
				);
				MTL_ENABLE_DEBUG_INFO = NO;
				OTHER_CPLUSPLUSFLAGS = (
					"$(OTHER_CFLAGS)",
					"-DFOLLY_NO_CONFIG",
					"-DFOLLY_MOBILE=1",
					"-DFOLLY_USE_LIBCPP=1",
					"-DFOLLY_CFG_NO_COROUTINES=1",
					"-DFOLLY_HAVE_CLOCK_GETTIME=1",
				);
				SDKROOT = iphoneos;
				VALIDATE_PRODUCT = YES;
			};
			name = Release;
		};
/* End XCBuildConfiguration section */

/* Begin XCConfigurationList section */
		00E357021AD99517003FC87E /* Build configuration list for PBXNativeTarget "Zadanie5Tests" */ = {
			isa = XCConfigurationList;
			buildConfigurations = (
				00E356F61AD99517003FC87E /* Debug */,
				00E356F71AD99517003FC87E /* Release */,
			);
			defaultConfigurationIsVisible = 0;
			defaultConfigurationName = Release;
		};
		13B07F931A680F5B00A75B9A /* Build configuration list for PBXNativeTarget "Zadanie5" */ = {
			isa = XCConfigurationList;
			buildConfigurations = (
				13B07F941A680F5B00A75B9A /* Debug */,
				13B07F951A680F5B00A75B9A /* Release */,
			);
			defaultConfigurationIsVisible = 0;
			defaultConfigurationName = Release;
		};
		83CBB9FA1A601CBA00E9B192 /* Build configuration list for PBXProject "Zadanie5" */ = {
			isa = XCConfigurationList;
			buildConfigurations = (
				83CBBA201A601CBA00E9B192 /* Debug */,
				83CBBA211A601CBA00E9B192 /* Release */,
			);
			defaultConfigurationIsVisible = 0;
			defaultConfigurationName = Release;
		};
/* End XCConfigurationList section */
	};
	rootObject = 83CBB9F71A601CBA00E9B192 /* Project object */;
}
